// !$*UTF8*$!
{
	archiveVersion = 1;
	classes = {
	};
	objectVersion = 50;
	objects = {

/* Begin PBXBuildFile section */
		4D00334721AF3E890015D3DE /* PopOverViewController.swift in Sources */ = {isa = PBXBuildFile; fileRef = 4D00334621AF3E890015D3DE /* PopOverViewController.swift */; };
		4D31CD59221A11FE0043283A /* GoogleService-Info.plist in Resources */ = {isa = PBXBuildFile; fileRef = 4D31CD58221A11FE0043283A /* GoogleService-Info.plist */; };
		4D3983A32219773D003BAC4A /* Main.storyboard in Resources */ = {isa = PBXBuildFile; fileRef = 4D3983A22219773C003BAC4A /* Main.storyboard */; };
		4D3983A522197FF2003BAC4A /* Launch Screen.storyboard in Resources */ = {isa = PBXBuildFile; fileRef = 4D3983A422197FF2003BAC4A /* Launch Screen.storyboard */; };
		4D88FEF02219738200B229DA /* ViewController.swift in Sources */ = {isa = PBXBuildFile; fileRef = 4D88FEEF2219738200B229DA /* ViewController.swift */; };
		4D88FEF22219739000B229DA /* PopupViewController.swift in Sources */ = {isa = PBXBuildFile; fileRef = 4D88FEF12219739000B229DA /* PopupViewController.swift */; };
		4D88FEF6221973AF00B229DA /* Assets.xcassets in Resources */ = {isa = PBXBuildFile; fileRef = 4D88FEF5221973AF00B229DA /* Assets.xcassets */; };
		4D88FEFA221973E600B229DA /* ChangeModel.swift in Sources */ = {isa = PBXBuildFile; fileRef = 4D88FEF9221973E600B229DA /* ChangeModel.swift */; };
		4D88FEFC221973F300B229DA /* CoinModel.swift in Sources */ = {isa = PBXBuildFile; fileRef = 4D88FEFB221973F300B229DA /* CoinModel.swift */; };
		4D88FEFE221973FF00B229DA /* CurrencyModel.swift in Sources */ = {isa = PBXBuildFile; fileRef = 4D88FEFD221973FF00B229DA /* CurrencyModel.swift */; };
		4D88FF002219740C00B229DA /* CurrencyTableViewCell.swift in Sources */ = {isa = PBXBuildFile; fileRef = 4D88FEFF2219740C00B229DA /* CurrencyTableViewCell.swift */; };
		4D88FF022219744400B229DA /* CoinTableViewCell.swift in Sources */ = {isa = PBXBuildFile; fileRef = 4D88FF012219744400B229DA /* CoinTableViewCell.swift */; };
		4D88FF042219745300B229DA /* DetailTableViewController.swift in Sources */ = {isa = PBXBuildFile; fileRef = 4D88FF032219745300B229DA /* DetailTableViewController.swift */; };
		4D88FF06221974D200B229DA /* SBCardPopupViewController.swift in Sources */ = {isa = PBXBuildFile; fileRef = 4D88FF05221974D200B229DA /* SBCardPopupViewController.swift */; };
		4D8B57FC21961A440012276B /* AppDelegate.swift in Sources */ = {isa = PBXBuildFile; fileRef = 4D8B57FB21961A440012276B /* AppDelegate.swift */; };
		7D877B3023FE47F772D46974 /* Pods_Kripto.framework in Frameworks */ = {isa = PBXBuildFile; fileRef = 1E86EEA2D5025C0EC55FCE6A /* Pods_Kripto.framework */; };
/* End PBXBuildFile section */

/* Begin PBXFileReference section */
		1E86EEA2D5025C0EC55FCE6A /* Pods_Kripto.framework */ = {isa = PBXFileReference; explicitFileType = wrapper.framework; includeInIndex = 0; path = Pods_Kripto.framework; sourceTree = BUILT_PRODUCTS_DIR; };
		362BECD2265A686224D42BA6 /* Pods-Kripto.release.xcconfig */ = {isa = PBXFileReference; includeInIndex = 1; lastKnownFileType = text.xcconfig; name = "Pods-Kripto.release.xcconfig"; path = "Pods/Target Support Files/Pods-Kripto/Pods-Kripto.release.xcconfig"; sourceTree = "<group>"; };
		4D00334621AF3E890015D3DE /* PopOverViewController.swift */ = {isa = PBXFileReference; lastKnownFileType = sourcecode.swift; path = PopOverViewController.swift; sourceTree = "<group>"; };
		4D31CD58221A11FE0043283A /* GoogleService-Info.plist */ = {isa = PBXFileReference; fileEncoding = 4; lastKnownFileType = text.plist.xml; path = "GoogleService-Info.plist"; sourceTree = "<group>"; };
		4D3983A22219773C003BAC4A /* Main.storyboard */ = {isa = PBXFileReference; fileEncoding = 4; lastKnownFileType = file.storyboard; path = Main.storyboard; sourceTree = "<group>"; };
		4D3983A422197FF2003BAC4A /* Launch Screen.storyboard */ = {isa = PBXFileReference; lastKnownFileType = file.storyboard; path = "Launch Screen.storyboard"; sourceTree = "<group>"; };
		4D88FEEF2219738200B229DA /* ViewController.swift */ = {isa = PBXFileReference; fileEncoding = 4; lastKnownFileType = sourcecode.swift; path = ViewController.swift; sourceTree = "<group>"; };
		4D88FEF12219739000B229DA /* PopupViewController.swift */ = {isa = PBXFileReference; fileEncoding = 4; lastKnownFileType = sourcecode.swift; path = PopupViewController.swift; sourceTree = "<group>"; };
		4D88FEF5221973AF00B229DA /* Assets.xcassets */ = {isa = PBXFileReference; lastKnownFileType = folder.assetcatalog; path = Assets.xcassets; sourceTree = "<group>"; };
		4D88FEF7221973BB00B229DA /* Info.plist */ = {isa = PBXFileReference; fileEncoding = 4; lastKnownFileType = text.plist.xml; path = Info.plist; sourceTree = "<group>"; };
		4D88FEF9221973E600B229DA /* ChangeModel.swift */ = {isa = PBXFileReference; fileEncoding = 4; lastKnownFileType = sourcecode.swift; path = ChangeModel.swift; sourceTree = "<group>"; };
		4D88FEFB221973F300B229DA /* CoinModel.swift */ = {isa = PBXFileReference; fileEncoding = 4; lastKnownFileType = sourcecode.swift; path = CoinModel.swift; sourceTree = "<group>"; };
		4D88FEFD221973FF00B229DA /* CurrencyModel.swift */ = {isa = PBXFileReference; fileEncoding = 4; lastKnownFileType = sourcecode.swift; path = CurrencyModel.swift; sourceTree = "<group>"; };
		4D88FEFF2219740C00B229DA /* CurrencyTableViewCell.swift */ = {isa = PBXFileReference; fileEncoding = 4; lastKnownFileType = sourcecode.swift; path = CurrencyTableViewCell.swift; sourceTree = "<group>"; };
		4D88FF012219744400B229DA /* CoinTableViewCell.swift */ = {isa = PBXFileReference; fileEncoding = 4; lastKnownFileType = sourcecode.swift; path = CoinTableViewCell.swift; sourceTree = "<group>"; };
		4D88FF032219745300B229DA /* DetailTableViewController.swift */ = {isa = PBXFileReference; fileEncoding = 4; lastKnownFileType = sourcecode.swift; path = DetailTableViewController.swift; sourceTree = "<group>"; };
		4D88FF05221974D200B229DA /* SBCardPopupViewController.swift */ = {isa = PBXFileReference; fileEncoding = 4; lastKnownFileType = sourcecode.swift; path = SBCardPopupViewController.swift; sourceTree = "<group>"; };
		4D8B57F821961A440012276B /* Kripto.app */ = {isa = PBXFileReference; explicitFileType = wrapper.application; includeInIndex = 0; path = Kripto.app; sourceTree = BUILT_PRODUCTS_DIR; };
		4D8B57FB21961A440012276B /* AppDelegate.swift */ = {isa = PBXFileReference; lastKnownFileType = sourcecode.swift; path = AppDelegate.swift; sourceTree = "<group>"; };
		D1BE7665B3D472A10A7334DD /* Pods-Kripto.debug.xcconfig */ = {isa = PBXFileReference; includeInIndex = 1; lastKnownFileType = text.xcconfig; name = "Pods-Kripto.debug.xcconfig"; path = "Pods/Target Support Files/Pods-Kripto/Pods-Kripto.debug.xcconfig"; sourceTree = "<group>"; };
/* End PBXFileReference section */

/* Begin PBXFrameworksBuildPhase section */
		4D8B57F521961A440012276B /* Frameworks */ = {
			isa = PBXFrameworksBuildPhase;
			buildActionMask = 2147483647;
			files = (
				7D877B3023FE47F772D46974 /* Pods_Kripto.framework in Frameworks */,
			);
			runOnlyForDeploymentPostprocessing = 0;
		};
/* End PBXFrameworksBuildPhase section */

/* Begin PBXGroup section */
		4D8B57EF21961A440012276B = {
			isa = PBXGroup;
			children = (
				4D8B57FA21961A440012276B /* Kripto */,
				4D8B57F921961A440012276B /* Products */,
				9C371172DDF3F49A140D9A67 /* Pods */,
				E960EFA3BD1712F307E52C40 /* Frameworks */,
			);
			sourceTree = "<group>";
		};
		4D8B57F921961A440012276B /* Products */ = {
			isa = PBXGroup;
			children = (
				4D8B57F821961A440012276B /* Kripto.app */,
			);
			name = Products;
			sourceTree = "<group>";
		};
		4D8B57FA21961A440012276B /* Kripto */ = {
			isa = PBXGroup;
			children = (
				4D8B580D21961AA20012276B /* Model */,
				4D8B580E21961AAF0012276B /* View */,
				4D8B57FB21961A440012276B /* AppDelegate.swift */,
				4D88FEEF2219738200B229DA /* ViewController.swift */,
				4D88FEF12219739000B229DA /* PopupViewController.swift */,
				4D00334621AF3E890015D3DE /* PopOverViewController.swift */,
				4D88FF05221974D200B229DA /* SBCardPopupViewController.swift */,
				4D3983A22219773C003BAC4A /* Main.storyboard */,
				4D88FEF5221973AF00B229DA /* Assets.xcassets */,
				4D88FEF7221973BB00B229DA /* Info.plist */,
				4D31CD58221A11FE0043283A /* GoogleService-Info.plist */,
				4D3983A422197FF2003BAC4A /* Launch Screen.storyboard */,
			);
			path = Kripto;
			sourceTree = "<group>";
		};
		4D8B580D21961AA20012276B /* Model */ = {
			isa = PBXGroup;
			children = (
				4D88FEFB221973F300B229DA /* CoinModel.swift */,
				4D88FEFD221973FF00B229DA /* CurrencyModel.swift */,
				4D88FEF9221973E600B229DA /* ChangeModel.swift */,
			);
			path = Model;
			sourceTree = "<group>";
		};
		4D8B580E21961AAF0012276B /* View */ = {
			isa = PBXGroup;
			children = (
				4D88FF012219744400B229DA /* CoinTableViewCell.swift */,
				4D88FEFF2219740C00B229DA /* CurrencyTableViewCell.swift */,
				4D88FF032219745300B229DA /* DetailTableViewController.swift */,
			);
			path = View;
			sourceTree = "<group>";
		};
		9C371172DDF3F49A140D9A67 /* Pods */ = {
			isa = PBXGroup;
			children = (
				D1BE7665B3D472A10A7334DD /* Pods-Kripto.debug.xcconfig */,
				362BECD2265A686224D42BA6 /* Pods-Kripto.release.xcconfig */,
			);
			name = Pods;
			sourceTree = "<group>";
		};
		E960EFA3BD1712F307E52C40 /* Frameworks */ = {
			isa = PBXGroup;
			children = (
				1E86EEA2D5025C0EC55FCE6A /* Pods_Kripto.framework */,
			);
			name = Frameworks;
			sourceTree = "<group>";
		};
/* End PBXGroup section */

/* Begin PBXNativeTarget section */
		4D8B57F721961A440012276B /* Kripto */ = {
			isa = PBXNativeTarget;
			buildConfigurationList = 4D8B580A21961A460012276B /* Build configuration list for PBXNativeTarget "Kripto" */;
			buildPhases = (
				9461DC49354E46A15C577F8B /* [CP] Check Pods Manifest.lock */,
				4D8B57F421961A440012276B /* Sources */,
				4D8B57F521961A440012276B /* Frameworks */,
				4D8B57F621961A440012276B /* Resources */,
				74A219C71A0091B9929F4D10 /* [CP] Embed Pods Frameworks */,
			);
			buildRules = (
			);
			dependencies = (
			);
			name = Kripto;
			productName = Kripto;
			productReference = 4D8B57F821961A440012276B /* Kripto.app */;
			productType = "com.apple.product-type.application";
		};
/* End PBXNativeTarget section */

/* Begin PBXProject section */
		4D8B57F021961A440012276B /* Project object */ = {
			isa = PBXProject;
			attributes = {
				LastSwiftUpdateCheck = 1000;
				LastUpgradeCheck = 1010;
				ORGANIZATIONNAME = "Nenad Savic";
				TargetAttributes = {
					4D8B57F721961A440012276B = {
						CreatedOnToolsVersion = 10.0;
					};
				};
			};
			buildConfigurationList = 4D8B57F321961A440012276B /* Build configuration list for PBXProject "Kripto" */;
			compatibilityVersion = "Xcode 9.3";
			developmentRegion = en;
			hasScannedForEncodings = 0;
			knownRegions = (
				en,
				Base,
			);
			mainGroup = 4D8B57EF21961A440012276B;
			productRefGroup = 4D8B57F921961A440012276B /* Products */;
			projectDirPath = "";
			projectRoot = "";
			targets = (
				4D8B57F721961A440012276B /* Kripto */,
			);
		};
/* End PBXProject section */

/* Begin PBXResourcesBuildPhase section */
		4D8B57F621961A440012276B /* Resources */ = {
			isa = PBXResourcesBuildPhase;
			buildActionMask = 2147483647;
			files = (
				4D3983A32219773D003BAC4A /* Main.storyboard in Resources */,
				4D31CD59221A11FE0043283A /* GoogleService-Info.plist in Resources */,
				4D3983A522197FF2003BAC4A /* Launch Screen.storyboard in Resources */,
				4D88FEF6221973AF00B229DA /* Assets.xcassets in Resources */,
			);
			runOnlyForDeploymentPostprocessing = 0;
		};
/* End PBXResourcesBuildPhase section */

/* Begin PBXShellScriptBuildPhase section */
		74A219C71A0091B9929F4D10 /* [CP] Embed Pods Frameworks */ = {
			isa = PBXShellScriptBuildPhase;
			buildActionMask = 2147483647;
			files = (
			);
			inputPaths = (
				"${SRCROOT}/Pods/Target Support Files/Pods-Kripto/Pods-Kripto-frameworks.sh",
				"${BUILT_PRODUCTS_DIR}/Alamofire/Alamofire.framework",
				"${BUILT_PRODUCTS_DIR}/GoogleToolboxForMac/GoogleToolboxForMac.framework",
				"${BUILT_PRODUCTS_DIR}/SwiftyJSON/SwiftyJSON.framework",
				"${BUILT_PRODUCTS_DIR}/leveldb-library/leveldb.framework",
				"${BUILT_PRODUCTS_DIR}/nanopb/nanopb.framework",
			);
			name = "[CP] Embed Pods Frameworks";
			outputPaths = (
				"${TARGET_BUILD_DIR}/${FRAMEWORKS_FOLDER_PATH}/Alamofire.framework",
				"${TARGET_BUILD_DIR}/${FRAMEWORKS_FOLDER_PATH}/GoogleToolboxForMac.framework",
				"${TARGET_BUILD_DIR}/${FRAMEWORKS_FOLDER_PATH}/SwiftyJSON.framework",
				"${TARGET_BUILD_DIR}/${FRAMEWORKS_FOLDER_PATH}/leveldb.framework",
				"${TARGET_BUILD_DIR}/${FRAMEWORKS_FOLDER_PATH}/nanopb.framework",
			);
			runOnlyForDeploymentPostprocessing = 0;
			shellPath = /bin/sh;
			shellScript = "\"${SRCROOT}/Pods/Target Support Files/Pods-Kripto/Pods-Kripto-frameworks.sh\"\n";
			showEnvVarsInLog = 0;
		};
		9461DC49354E46A15C577F8B /* [CP] Check Pods Manifest.lock */ = {
			isa = PBXShellScriptBuildPhase;
			buildActionMask = 2147483647;
			files = (
			);
			inputPaths = (
				"${PODS_PODFILE_DIR_PATH}/Podfile.lock",
				"${PODS_ROOT}/Manifest.lock",
			);
			name = "[CP] Check Pods Manifest.lock";
			outputPaths = (
				"$(DERIVED_FILE_DIR)/Pods-Kripto-checkManifestLockResult.txt",
			);
			runOnlyForDeploymentPostprocessing = 0;
			shellPath = /bin/sh;
			shellScript = "diff \"${PODS_PODFILE_DIR_PATH}/Podfile.lock\" \"${PODS_ROOT}/Manifest.lock\" > /dev/null\nif [ $? != 0 ] ; then\n    # print error to STDERR\n    echo \"error: The sandbox is not in sync with the Podfile.lock. Run 'pod install' or update your CocoaPods installation.\" >&2\n    exit 1\nfi\n# This output is used by Xcode 'outputs' to avoid re-running this script phase.\necho \"SUCCESS\" > \"${SCRIPT_OUTPUT_FILE_0}\"\n";
			showEnvVarsInLog = 0;
		};
/* End PBXShellScriptBuildPhase section */

/* Begin PBXSourcesBuildPhase section */
		4D8B57F421961A440012276B /* Sources */ = {
			isa = PBXSourcesBuildPhase;
			buildActionMask = 2147483647;
			files = (
				4D88FF042219745300B229DA /* DetailTableViewController.swift in Sources */,
				4D88FF002219740C00B229DA /* CurrencyTableViewCell.swift in Sources */,
				4D88FEF02219738200B229DA /* ViewController.swift in Sources */,
				4D88FEFA221973E600B229DA /* ChangeModel.swift in Sources */,
				4D88FF06221974D200B229DA /* SBCardPopupViewController.swift in Sources */,
				4D00334721AF3E890015D3DE /* PopOverViewController.swift in Sources */,
				4D88FF022219744400B229DA /* CoinTableViewCell.swift in Sources */,
				4D88FEFE221973FF00B229DA /* CurrencyModel.swift in Sources */,
				4D88FEFC221973F300B229DA /* CoinModel.swift in Sources */,
				4D8B57FC21961A440012276B /* AppDelegate.swift in Sources */,
				4D88FEF22219739000B229DA /* PopupViewController.swift in Sources */,
			);
			runOnlyForDeploymentPostprocessing = 0;
		};
/* End PBXSourcesBuildPhase section */

/* Begin XCBuildConfiguration section */
		4D8B580821961A460012276B /* Debug */ = {
			isa = XCBuildConfiguration;
			buildSettings = {
				ALWAYS_SEARCH_USER_PATHS = NO;
				CLANG_ANALYZER_NONNULL = YES;
				CLANG_ANALYZER_NUMBER_OBJECT_CONVERSION = YES_AGGRESSIVE;
				CLANG_CXX_LANGUAGE_STANDARD = "gnu++14";
				CLANG_CXX_LIBRARY = "libc++";
				CLANG_ENABLE_MODULES = YES;
				CLANG_ENABLE_OBJC_ARC = YES;
				CLANG_ENABLE_OBJC_WEAK = YES;
				CLANG_WARN_BLOCK_CAPTURE_AUTORELEASING = YES;
				CLANG_WARN_BOOL_CONVERSION = YES;
				CLANG_WARN_COMMA = YES;
				CLANG_WARN_CONSTANT_CONVERSION = YES;
				CLANG_WARN_DEPRECATED_OBJC_IMPLEMENTATIONS = YES;
				CLANG_WARN_DIRECT_OBJC_ISA_USAGE = YES_ERROR;
				CLANG_WARN_DOCUMENTATION_COMMENTS = YES;
				CLANG_WARN_EMPTY_BODY = YES;
				CLANG_WARN_ENUM_CONVERSION = YES;
				CLANG_WARN_INFINITE_RECURSION = YES;
				CLANG_WARN_INT_CONVERSION = YES;
				CLANG_WARN_NON_LITERAL_NULL_CONVERSION = YES;
				CLANG_WARN_OBJC_IMPLICIT_RETAIN_SELF = YES;
				CLANG_WARN_OBJC_LITERAL_CONVERSION = YES;
				CLANG_WARN_OBJC_ROOT_CLASS = YES_ERROR;
				CLANG_WARN_RANGE_LOOP_ANALYSIS = YES;
				CLANG_WARN_STRICT_PROTOTYPES = YES;
				CLANG_WARN_SUSPICIOUS_MOVE = YES;
				CLANG_WARN_UNGUARDED_AVAILABILITY = YES_AGGRESSIVE;
				CLANG_WARN_UNREACHABLE_CODE = YES;
				CLANG_WARN__DUPLICATE_METHOD_MATCH = YES;
				CODE_SIGN_IDENTITY = "iPhone Developer";
				COPY_PHASE_STRIP = NO;
				DEBUG_INFORMATION_FORMAT = dwarf;
				ENABLE_STRICT_OBJC_MSGSEND = YES;
				ENABLE_TESTABILITY = YES;
				GCC_C_LANGUAGE_STANDARD = gnu11;
				GCC_DYNAMIC_NO_PIC = NO;
				GCC_NO_COMMON_BLOCKS = YES;
				GCC_OPTIMIZATION_LEVEL = 0;
				GCC_PREPROCESSOR_DEFINITIONS = (
					"DEBUG=1",
					"$(inherited)",
				);
				GCC_WARN_64_TO_32_BIT_CONVERSION = YES;
				GCC_WARN_ABOUT_RETURN_TYPE = YES_ERROR;
				GCC_WARN_UNDECLARED_SELECTOR = YES;
				GCC_WARN_UNINITIALIZED_AUTOS = YES_AGGRESSIVE;
				GCC_WARN_UNUSED_FUNCTION = YES;
				GCC_WARN_UNUSED_VARIABLE = YES;
				IPHONEOS_DEPLOYMENT_TARGET = 12.0;
				MTL_ENABLE_DEBUG_INFO = INCLUDE_SOURCE;
				MTL_FAST_MATH = YES;
				ONLY_ACTIVE_ARCH = YES;
				SDKROOT = iphoneos;
				SWIFT_ACTIVE_COMPILATION_CONDITIONS = DEBUG;
				SWIFT_OPTIMIZATION_LEVEL = "-Onone";
			};
			name = Debug;
		};
		4D8B580921961A460012276B /* Release */ = {
			isa = XCBuildConfiguration;
			buildSettings = {
				ALWAYS_SEARCH_USER_PATHS = NO;
				CLANG_ANALYZER_NONNULL = YES;
				CLANG_ANALYZER_NUMBER_OBJECT_CONVERSION = YES_AGGRESSIVE;
				CLANG_CXX_LANGUAGE_STANDARD = "gnu++14";
				CLANG_CXX_LIBRARY = "libc++";
				CLANG_ENABLE_MODULES = YES;
				CLANG_ENABLE_OBJC_ARC = YES;
				CLANG_ENABLE_OBJC_WEAK = YES;
				CLANG_WARN_BLOCK_CAPTURE_AUTORELEASING = YES;
				CLANG_WARN_BOOL_CONVERSION = YES;
				CLANG_WARN_COMMA = YES;
				CLANG_WARN_CONSTANT_CONVERSION = YES;
				CLANG_WARN_DEPRECATED_OBJC_IMPLEMENTATIONS = YES;
				CLANG_WARN_DIRECT_OBJC_ISA_USAGE = YES_ERROR;
				CLANG_WARN_DOCUMENTATION_COMMENTS = YES;
				CLANG_WARN_EMPTY_BODY = YES;
				CLANG_WARN_ENUM_CONVERSION = YES;
				CLANG_WARN_INFINITE_RECURSION = YES;
				CLANG_WARN_INT_CONVERSION = YES;
				CLANG_WARN_NON_LITERAL_NULL_CONVERSION = YES;
				CLANG_WARN_OBJC_IMPLICIT_RETAIN_SELF = YES;
				CLANG_WARN_OBJC_LITERAL_CONVERSION = YES;
				CLANG_WARN_OBJC_ROOT_CLASS = YES_ERROR;
				CLANG_WARN_RANGE_LOOP_ANALYSIS = YES;
				CLANG_WARN_STRICT_PROTOTYPES = YES;
				CLANG_WARN_SUSPICIOUS_MOVE = YES;
				CLANG_WARN_UNGUARDED_AVAILABILITY = YES_AGGRESSIVE;
				CLANG_WARN_UNREACHABLE_CODE = YES;
				CLANG_WARN__DUPLICATE_METHOD_MATCH = YES;
				CODE_SIGN_IDENTITY = "iPhone Developer";
				COPY_PHASE_STRIP = NO;
				DEBUG_INFORMATION_FORMAT = "dwarf-with-dsym";
				ENABLE_NS_ASSERTIONS = NO;
				ENABLE_STRICT_OBJC_MSGSEND = YES;
				GCC_C_LANGUAGE_STANDARD = gnu11;
				GCC_NO_COMMON_BLOCKS = YES;
				GCC_WARN_64_TO_32_BIT_CONVERSION = YES;
				GCC_WARN_ABOUT_RETURN_TYPE = YES_ERROR;
				GCC_WARN_UNDECLARED_SELECTOR = YES;
				GCC_WARN_UNINITIALIZED_AUTOS = YES_AGGRESSIVE;
				GCC_WARN_UNUSED_FUNCTION = YES;
				GCC_WARN_UNUSED_VARIABLE = YES;
				IPHONEOS_DEPLOYMENT_TARGET = 12.0;
				MTL_ENABLE_DEBUG_INFO = NO;
				MTL_FAST_MATH = YES;
				SDKROOT = iphoneos;
				SWIFT_COMPILATION_MODE = wholemodule;
				SWIFT_OPTIMIZATION_LEVEL = "-O";
				VALIDATE_PRODUCT = YES;
			};
			name = Release;
		};
		4D8B580B21961A460012276B /* Debug */ = {
			isa = XCBuildConfiguration;
			baseConfigurationReference = D1BE7665B3D472A10A7334DD /* Pods-Kripto.debug.xcconfig */;
			buildSettings = {
				ASSETCATALOG_COMPILER_APPICON_NAME = AppIcon;
				CODE_SIGN_STYLE = Automatic;
				DEVELOPMENT_TEAM = Y78853Z465;
				INFOPLIST_FILE = Kripto/Info.plist;
				LD_RUNPATH_SEARCH_PATHS = (
					"$(inherited)",
					"@executable_path/Frameworks",
				);
				PRODUCT_BUNDLE_IDENTIFIER = info.pedala.Kripto;
				PRODUCT_NAME = "$(TARGET_NAME)";
				SWIFT_VERSION = 4.2;
				TARGETED_DEVICE_FAMILY = "1,2";
			};
			name = Debug;
		};
		4D8B580C21961A460012276B /* Release */ = {
			isa = XCBuildConfiguration;
			baseConfigurationReference = 362BECD2265A686224D42BA6 /* Pods-Kripto.release.xcconfig */;
			buildSettings = {
				ASSETCATALOG_COMPILER_APPICON_NAME = AppIcon;
				CODE_SIGN_STYLE = Automatic;
				DEVELOPMENT_TEAM = Y78853Z465;
				INFOPLIST_FILE = Kripto/Info.plist;
				LD_RUNPATH_SEARCH_PATHS = (
					"$(inherited)",
					"@executable_path/Frameworks",
				);
				PRODUCT_BUNDLE_IDENTIFIER = info.pedala.Kripto;
				PRODUCT_NAME = "$(TARGET_NAME)";
				SWIFT_VERSION = 4.2;
				TARGETED_DEVICE_FAMILY = "1,2";
			};
			name = Release;
		};
/* End XCBuildConfiguration section */

/* Begin XCConfigurationList section */
		4D8B57F321961A440012276B /* Build configuration list for PBXProject "Kripto" */ = {
			isa = XCConfigurationList;
			buildConfigurations = (
				4D8B580821961A460012276B /* Debug */,
				4D8B580921961A460012276B /* Release */,
			);
			defaultConfigurationIsVisible = 0;
			defaultConfigurationName = Release;
		};
		4D8B580A21961A460012276B /* Build configuration list for PBXNativeTarget "Kripto" */ = {
			isa = XCConfigurationList;
			buildConfigurations = (
				4D8B580B21961A460012276B /* Debug */,
				4D8B580C21961A460012276B /* Release */,
			);
			defaultConfigurationIsVisible = 0;
			defaultConfigurationName = Release;
		};
/* End XCConfigurationList section */
	};
	rootObject = 4D8B57F021961A440012276B /* Project object */;
}
